
Microsoft Visual Studio Solution File, Format Version 12.00
# Visual Studio Version 17
VisualStudioVersion = 17.11.35222.181
MinimumVisualStudioVersion = 10.0.40219.1
Project("{FAE04EC0-301F-11D3-BF4B-00C04F79EFBC}") = "ShoppingAPI_Viernes2024I", "ShoppingAPI_Viernes2024I.csproj", "{7A33FA48-5090-4555-A266-C8653140EDC9}"
EndProject
Global
	GlobalSection(SolutionConfigurationPlatforms) = preSolution
		Debug|Any CPU = Debug|Any CPU
		Release|Any CPU = Release|Any CPU
	EndGlobalSection
	GlobalSection(ProjectConfigurationPlatforms) = postSolution
		{7A33FA48-5090-4555-A266-C8653140EDC9}.Debug|Any CPU.ActiveCfg = Debug|Any CPU
		{7A33FA48-5090-4555-A266-C8653140EDC9}.Debug|Any CPU.Build.0 = Debug|Any CPU
		{7A33FA48-5090-4555-A266-C8653140EDC9}.Release|Any CPU.ActiveCfg = Release|Any CPU
		{7A33FA48-5090-4555-A266-C8653140EDC9}.Release|Any CPU.Build.0 = Release|Any CPU
	EndGlobalSection
	GlobalSection(SolutionProperties) = preSolution
		HideSolutionNode = FALSE
	EndGlobalSection
	GlobalSection(ExtensibilityGlobals) = postSolution
		SolutionGuid = {5551C356-6284-4A7D-912A-918E2CECF1CB}
	EndGlobalSection
EndGlobal
